
Microsoft Visual Studio Solution File, Format Version 12.00
# Visual Studio Version 17
VisualStudioVersion = 17.12.35707.178
MinimumVisualStudioVersion = 10.0.40219.1
Project("{2150E333-8FDC-42A3-9474-1A3956D46DE8}") = "Lesson_02", "Lesson_02", "{E27A664C-90C2-4360-B8B1-66A1CCDDB7A8}"
EndProject
Project("{FAE04EC0-301F-11D3-BF4B-00C04F79EFBC}") = "Task_02_02", "Task_02_02\Task_02_02.csproj", "{A126E861-0FB9-4A55-A934-8DFF6F12A30D}"
EndProject
Project("{FAE04EC0-301F-11D3-BF4B-00C04F79EFBC}") = "Task_02_04", "Task_02_04\Task_02_04.csproj", "{28955A19-E107-42D8-992D-92FE381AD79B}"
EndProject
Project("{2150E333-8FDC-42A3-9474-1A3956D46DE8}") = "Lesson_03", "Lesson_03", "{8A076D28-34CE-4E84-8C53-469A60E2C51D}"
EndProject
Project("{FAE04EC0-301F-11D3-BF4B-00C04F79EFBC}") = "Task_03_04", "Task_03_04\Task_03_04.csproj", "{9BB41D83-207B-4224-9091-2C93D1C903C5}"
EndProject
Project("{FAE04EC0-301F-11D3-BF4B-00C04F79EFBC}") = "Task_03_05", "Task_03_05\Task_03_05.csproj", "{E91A2776-BF5F-4598-9DB2-9B0185E98D6B}"
EndProject
Project("{FAE04EC0-301F-11D3-BF4B-00C04F79EFBC}") = "Task_03_06", "Task_03_06\Task_03_06.csproj", "{4EB9EC41-C50E-4BFB-BC6D-63B937446BEB}"
EndProject
Project("{FAE04EC0-301F-11D3-BF4B-00C04F79EFBC}") = "Task_03_07", "Task_03_07\Task_03_07.csproj", "{4A62F9CD-9FA0-4FDB-9B68-F3DDE1B462F2}"
EndProject
Project("{FAE04EC0-301F-11D3-BF4B-00C04F79EFBC}") = "Task_03_08", "Task_03_08\Task_03_08.csproj", "{9253239F-2604-489E-B044-9546BAB72314}"
EndProject
Project("{FAE04EC0-301F-11D3-BF4B-00C04F79EFBC}") = "Task_03_09", "Task_03_09\Task_03_09.csproj", "{78809B97-4476-43ED-A815-683250F84756}"
EndProject
Global
	GlobalSection(SolutionConfigurationPlatforms) = preSolution
		Debug|Any CPU = Debug|Any CPU
		Release|Any CPU = Release|Any CPU
	EndGlobalSection
	GlobalSection(ProjectConfigurationPlatforms) = postSolution
		{A126E861-0FB9-4A55-A934-8DFF6F12A30D}.Debug|Any CPU.ActiveCfg = Debug|Any CPU
		{A126E861-0FB9-4A55-A934-8DFF6F12A30D}.Debug|Any CPU.Build.0 = Debug|Any CPU
		{A126E861-0FB9-4A55-A934-8DFF6F12A30D}.Release|Any CPU.ActiveCfg = Release|Any CPU
		{A126E861-0FB9-4A55-A934-8DFF6F12A30D}.Release|Any CPU.Build.0 = Release|Any CPU
		{28955A19-E107-42D8-992D-92FE381AD79B}.Debug|Any CPU.ActiveCfg = Debug|Any CPU
		{28955A19-E107-42D8-992D-92FE381AD79B}.Debug|Any CPU.Build.0 = Debug|Any CPU
		{28955A19-E107-42D8-992D-92FE381AD79B}.Release|Any CPU.ActiveCfg = Release|Any CPU
		{28955A19-E107-42D8-992D-92FE381AD79B}.Release|Any CPU.Build.0 = Release|Any CPU
		{9BB41D83-207B-4224-9091-2C93D1C903C5}.Debug|Any CPU.ActiveCfg = Debug|Any CPU
		{9BB41D83-207B-4224-9091-2C93D1C903C5}.Debug|Any CPU.Build.0 = Debug|Any CPU
		{9BB41D83-207B-4224-9091-2C93D1C903C5}.Release|Any CPU.ActiveCfg = Release|Any CPU
		{9BB41D83-207B-4224-9091-2C93D1C903C5}.Release|Any CPU.Build.0 = Release|Any CPU
		{E91A2776-BF5F-4598-9DB2-9B0185E98D6B}.Debug|Any CPU.ActiveCfg = Debug|Any CPU
		{E91A2776-BF5F-4598-9DB2-9B0185E98D6B}.Debug|Any CPU.Build.0 = Debug|Any CPU
		{E91A2776-BF5F-4598-9DB2-9B0185E98D6B}.Release|Any CPU.ActiveCfg = Release|Any CPU
		{E91A2776-BF5F-4598-9DB2-9B0185E98D6B}.Release|Any CPU.Build.0 = Release|Any CPU
		{4EB9EC41-C50E-4BFB-BC6D-63B937446BEB}.Debug|Any CPU.ActiveCfg = Debug|Any CPU
		{4EB9EC41-C50E-4BFB-BC6D-63B937446BEB}.Debug|Any CPU.Build.0 = Debug|Any CPU
		{4EB9EC41-C50E-4BFB-BC6D-63B937446BEB}.Release|Any CPU.ActiveCfg = Release|Any CPU
		{4EB9EC41-C50E-4BFB-BC6D-63B937446BEB}.Release|Any CPU.Build.0 = Release|Any CPU
		{4A62F9CD-9FA0-4FDB-9B68-F3DDE1B462F2}.Debug|Any CPU.ActiveCfg = Debug|Any CPU
		{4A62F9CD-9FA0-4FDB-9B68-F3DDE1B462F2}.Debug|Any CPU.Build.0 = Debug|Any CPU
		{4A62F9CD-9FA0-4FDB-9B68-F3DDE1B462F2}.Release|Any CPU.ActiveCfg = Release|Any CPU
		{4A62F9CD-9FA0-4FDB-9B68-F3DDE1B462F2}.Release|Any CPU.Build.0 = Release|Any CPU
		{9253239F-2604-489E-B044-9546BAB72314}.Debug|Any CPU.ActiveCfg = Debug|Any CPU
		{9253239F-2604-489E-B044-9546BAB72314}.Debug|Any CPU.Build.0 = Debug|Any CPU
		{9253239F-2604-489E-B044-9546BAB72314}.Release|Any CPU.ActiveCfg = Release|Any CPU
		{9253239F-2604-489E-B044-9546BAB72314}.Release|Any CPU.Build.0 = Release|Any CPU
		{78809B97-4476-43ED-A815-683250F84756}.Debug|Any CPU.ActiveCfg = Debug|Any CPU
		{78809B97-4476-43ED-A815-683250F84756}.Debug|Any CPU.Build.0 = Debug|Any CPU
		{78809B97-4476-43ED-A815-683250F84756}.Release|Any CPU.ActiveCfg = Release|Any CPU
		{78809B97-4476-43ED-A815-683250F84756}.Release|Any CPU.Build.0 = Release|Any CPU
	EndGlobalSection
	GlobalSection(SolutionProperties) = preSolution
		HideSolutionNode = FALSE
	EndGlobalSection
	GlobalSection(NestedProjects) = preSolution
		{A126E861-0FB9-4A55-A934-8DFF6F12A30D} = {E27A664C-90C2-4360-B8B1-66A1CCDDB7A8}
		{28955A19-E107-42D8-992D-92FE381AD79B} = {E27A664C-90C2-4360-B8B1-66A1CCDDB7A8}
		{9BB41D83-207B-4224-9091-2C93D1C903C5} = {8A076D28-34CE-4E84-8C53-469A60E2C51D}
		{E91A2776-BF5F-4598-9DB2-9B0185E98D6B} = {8A076D28-34CE-4E84-8C53-469A60E2C51D}
		{4EB9EC41-C50E-4BFB-BC6D-63B937446BEB} = {8A076D28-34CE-4E84-8C53-469A60E2C51D}
		{4A62F9CD-9FA0-4FDB-9B68-F3DDE1B462F2} = {8A076D28-34CE-4E84-8C53-469A60E2C51D}
		{9253239F-2604-489E-B044-9546BAB72314} = {8A076D28-34CE-4E84-8C53-469A60E2C51D}
		{78809B97-4476-43ED-A815-683250F84756} = {8A076D28-34CE-4E84-8C53-469A60E2C51D}
	EndGlobalSection
EndGlobal
