
Microsoft Visual Studio Solution File, Format Version 12.00
# Visual Studio Version 17
VisualStudioVersion = 17.12.35707.178
MinimumVisualStudioVersion = 10.0.40219.1
Project("{2150E333-8FDC-42A3-9474-1A3956D46DE8}") = "Lesson_02", "Lesson_02", "{E27A664C-90C2-4360-B8B1-66A1CCDDB7A8}"
EndProject
Project("{FAE04EC0-301F-11D3-BF4B-00C04F79EFBC}") = "Task_02_02", "Task_02_02\Task_02_02.csproj", "{A126E861-0FB9-4A55-A934-8DFF6F12A30D}"
EndProject
Project("{FAE04EC0-301F-11D3-BF4B-00C04F79EFBC}") = "Task_02_04", "Task_02_04\Task_02_04.csproj", "{28955A19-E107-42D8-992D-92FE381AD79B}"
EndProject
Project("{2150E333-8FDC-42A3-9474-1A3956D46DE8}") = "Lesson_03", "Lesson_03", "{8A076D28-34CE-4E84-8C53-469A60E2C51D}"
EndProject
Project("{FAE04EC0-301F-11D3-BF4B-00C04F79EFBC}") = "Task_03_04", "Task_03_04\Task_03_04.csproj", "{9BB41D83-207B-4224-9091-2C93D1C903C5}"
EndProject
Project("{FAE04EC0-301F-11D3-BF4B-00C04F79EFBC}") = "Task_03_05", "Task_03_05\Task_03_05.csproj", "{E91A2776-BF5F-4598-9DB2-9B0185E98D6B}"
EndProject
Project("{FAE04EC0-301F-11D3-BF4B-00C04F79EFBC}") = "Task_03_06", "Task_03_06\Task_03_06.csproj", "{4EB9EC41-C50E-4BFB-BC6D-63B937446BEB}"
EndProject
Project("{FAE04EC0-301F-11D3-BF4B-00C04F79EFBC}") = "Task_03_07", "Task_03_07\Task_03_07.csproj", "{4A62F9CD-9FA0-4FDB-9B68-F3DDE1B462F2}"
EndProject
Project("{FAE04EC0-301F-11D3-BF4B-00C04F79EFBC}") = "Task_03_08", "Task_03_08\Task_03_08.csproj", "{9253239F-2604-489E-B044-9546BAB72314}"
EndProject
Project("{FAE04EC0-301F-11D3-BF4B-00C04F79EFBC}") = "Task_03_09", "Task_03_09\Task_03_09.csproj", "{78809B97-4476-43ED-A815-683250F84756}"
EndProject
Project("{2150E333-8FDC-42A3-9474-1A3956D46DE8}") = "Lesson_04", "Lesson_04", "{06630F11-9CBF-41A5-97C2-C9F6FD5311C4}"
EndProject
Project("{FAE04EC0-301F-11D3-BF4B-00C04F79EFBC}") = "Task_04_05", "Task_04_05\Task_04_05.csproj", "{4ADC677E-9B6C-4350-ACC3-BC562E8FE4C9}"
EndProject
Project("{FAE04EC0-301F-11D3-BF4B-00C04F79EFBC}") = "Task_04_06", "Task_04_06\Task_04_06.csproj", "{56959E1B-2542-4302-9905-CE52042E84B3}"
EndProject
Project("{FAE04EC0-301F-11D3-BF4B-00C04F79EFBC}") = "Task_04_07", "Task_04_07\Task_04_07.csproj", "{D87B49C5-B854-46DF-B654-697C5D26F99E}"
EndProject
Project("{FAE04EC0-301F-11D3-BF4B-00C04F79EFBC}") = "Task_04_08", "Task_04_08\Task_04_08.csproj", "{3D702810-8316-4B4F-AF86-855F284C748D}"
EndProject
Project("{FAE04EC0-301F-11D3-BF4B-00C04F79EFBC}") = "Task_04_09", "Task_04_09\Task_04_09.csproj", "{DF87D2B0-CCE9-4784-BE54-2545B299A33E}"
EndProject
Project("{FAE04EC0-301F-11D3-BF4B-00C04F79EFBC}") = "Task_04_10", "Task_04_10\Task_04_10.csproj", "{5431F06F-12B8-45BB-ADEE-100300B09E26}"
EndProject
Project("{2150E333-8FDC-42A3-9474-1A3956D46DE8}") = "Lesson_05", "Lesson_05", "{FC2C8A7E-568B-4AA1-9805-27C14602A4FA}"
EndProject
Project("{FAE04EC0-301F-11D3-BF4B-00C04F79EFBC}") = "Task_05_03", "Task_05_03\Task_05_03.csproj", "{879A9D4F-D5B8-479C-B2C6-CE3FA53C7E03}"
EndProject
Project("{FAE04EC0-301F-11D3-BF4B-00C04F79EFBC}") = "Task_05_04", "Task_05_04\Task_05_04.csproj", "{D0AE092E-581C-461B-8C7A-943A48D796A7}"
EndProject
Project("{FAE04EC0-301F-11D3-BF4B-00C04F79EFBC}") = "Task_05_05", "Task_05_05\Task_05_05.csproj", "{E39EB10E-1224-4BDE-B284-71576A811319}"
EndProject
Project("{FAE04EC0-301F-11D3-BF4B-00C04F79EFBC}") = "Task_05_06", "Task_05_06\Task_05_06.csproj", "{5C3866B1-A0F2-4A72-80A1-8E3CF5EB1E2E}"
EndProject
Project("{FAE04EC0-301F-11D3-BF4B-00C04F79EFBC}") = "Task_05_07", "Task_05_07\Task_05_07.csproj", "{C6312EAD-BD86-419C-945A-C22E7F730847}"
EndProject
Project("{FAE04EC0-301F-11D3-BF4B-00C04F79EFBC}") = "Task_05_08", "Task_05_08\Task_05_08.csproj", "{A6532F31-EAB7-4D94-9F83-23F7765EDE11}"
EndProject
Project("{FAE04EC0-301F-11D3-BF4B-00C04F79EFBC}") = "Task_05_09", "Task_05_09\Task_05_09.csproj", "{B2611A50-B284-4D4A-A262-91861A7D75CF}"
EndProject
Project("{2150E333-8FDC-42A3-9474-1A3956D46DE8}") = "Lesson_10", "Lesson_10", "{08F8F655-3B97-429D-9B03-4E47B247675C}"
EndProject
Project("{FAE04EC0-301F-11D3-BF4B-00C04F79EFBC}") = "Task_10_02", "Task_10_02\Task_10_02.csproj", "{8B6960F6-7452-477C-B674-21293E9A16A9}"
EndProject
Project("{FAE04EC0-301F-11D3-BF4B-00C04F79EFBC}") = "Task_10_05", "Task_10_05\Task_10_05.csproj", "{50C6B10F-AD94-463C-BEF4-E9AFE661BC73}"
EndProject
Project("{FAE04EC0-301F-11D3-BF4B-00C04F79EFBC}") = "Task_10_06", "Task_10_06\Task_10_06.csproj", "{3EE2034E-D860-44C8-9B07-E9D7C4AAF913}"
EndProject
Project("{FAE04EC0-301F-11D3-BF4B-00C04F79EFBC}") = "Task_10_07", "Task_10_07\Task_10_07.csproj", "{2D427DB0-0291-477B-921A-72C69C753816}"
EndProject
Project("{FAE04EC0-301F-11D3-BF4B-00C04F79EFBC}") = "Task_10_08", "Task_10_08\Task_10_08.csproj", "{ADF0D4ED-8BF2-495D-93D6-554A280BC15A}"
EndProject
Project("{2150E333-8FDC-42A3-9474-1A3956D46DE8}") = "Lesson_11", "Lesson_11", "{EA3147CB-5CE6-4E1B-AEC0-C94F67FF1905}"
EndProject
Project("{FAE04EC0-301F-11D3-BF4B-00C04F79EFBC}") = "Task_11_01", "Task_11_01\Task_11_01.csproj", "{C221E45A-1A36-4058-93ED-C83A6272AFF7}"
EndProject
Project("{FAE04EC0-301F-11D3-BF4B-00C04F79EFBC}") = "Task_11_02", "Task_11_02\Task_11_02.csproj", "{AD1B3013-717A-4600-B231-172B54F4B44F}"
EndProject
Project("{FAE04EC0-301F-11D3-BF4B-00C04F79EFBC}") = "Task_11_03", "Task_11_03\Task_11_03.csproj", "{4894DC82-A36F-4355-AE90-B10121DED737}"
EndProject
Project("{FAE04EC0-301F-11D3-BF4B-00C04F79EFBC}") = "Task_11_04", "Task_11_04\Task_11_04.csproj", "{CB28DADA-FE7C-4952-A8C5-055B42BB6BB5}"
EndProject
Project("{FAE04EC0-301F-11D3-BF4B-00C04F79EFBC}") = "Task_11_05", "Task_11_05\Task_11_05.csproj", "{648AE6D5-8532-4A10-8718-11CED97D7C1D}"
EndProject
Project("{FAE04EC0-301F-11D3-BF4B-00C04F79EFBC}") = "Task_11_06", "Task_11_06\Task_11_06.csproj", "{9D13CBD3-9D43-4EEC-91D8-3D41B569E140}"
EndProject
Global
	GlobalSection(SolutionConfigurationPlatforms) = preSolution
		Debug|Any CPU = Debug|Any CPU
		Release|Any CPU = Release|Any CPU
	EndGlobalSection
	GlobalSection(ProjectConfigurationPlatforms) = postSolution
		{A126E861-0FB9-4A55-A934-8DFF6F12A30D}.Debug|Any CPU.ActiveCfg = Debug|Any CPU
		{A126E861-0FB9-4A55-A934-8DFF6F12A30D}.Debug|Any CPU.Build.0 = Debug|Any CPU
		{A126E861-0FB9-4A55-A934-8DFF6F12A30D}.Release|Any CPU.ActiveCfg = Release|Any CPU
		{A126E861-0FB9-4A55-A934-8DFF6F12A30D}.Release|Any CPU.Build.0 = Release|Any CPU
		{28955A19-E107-42D8-992D-92FE381AD79B}.Debug|Any CPU.ActiveCfg = Debug|Any CPU
		{28955A19-E107-42D8-992D-92FE381AD79B}.Debug|Any CPU.Build.0 = Debug|Any CPU
		{28955A19-E107-42D8-992D-92FE381AD79B}.Release|Any CPU.ActiveCfg = Release|Any CPU
		{28955A19-E107-42D8-992D-92FE381AD79B}.Release|Any CPU.Build.0 = Release|Any CPU
		{9BB41D83-207B-4224-9091-2C93D1C903C5}.Debug|Any CPU.ActiveCfg = Debug|Any CPU
		{9BB41D83-207B-4224-9091-2C93D1C903C5}.Debug|Any CPU.Build.0 = Debug|Any CPU
		{9BB41D83-207B-4224-9091-2C93D1C903C5}.Release|Any CPU.ActiveCfg = Release|Any CPU
		{9BB41D83-207B-4224-9091-2C93D1C903C5}.Release|Any CPU.Build.0 = Release|Any CPU
		{E91A2776-BF5F-4598-9DB2-9B0185E98D6B}.Debug|Any CPU.ActiveCfg = Debug|Any CPU
		{E91A2776-BF5F-4598-9DB2-9B0185E98D6B}.Debug|Any CPU.Build.0 = Debug|Any CPU
		{E91A2776-BF5F-4598-9DB2-9B0185E98D6B}.Release|Any CPU.ActiveCfg = Release|Any CPU
		{E91A2776-BF5F-4598-9DB2-9B0185E98D6B}.Release|Any CPU.Build.0 = Release|Any CPU
		{4EB9EC41-C50E-4BFB-BC6D-63B937446BEB}.Debug|Any CPU.ActiveCfg = Debug|Any CPU
		{4EB9EC41-C50E-4BFB-BC6D-63B937446BEB}.Debug|Any CPU.Build.0 = Debug|Any CPU
		{4EB9EC41-C50E-4BFB-BC6D-63B937446BEB}.Release|Any CPU.ActiveCfg = Release|Any CPU
		{4EB9EC41-C50E-4BFB-BC6D-63B937446BEB}.Release|Any CPU.Build.0 = Release|Any CPU
		{4A62F9CD-9FA0-4FDB-9B68-F3DDE1B462F2}.Debug|Any CPU.ActiveCfg = Debug|Any CPU
		{4A62F9CD-9FA0-4FDB-9B68-F3DDE1B462F2}.Debug|Any CPU.Build.0 = Debug|Any CPU
		{4A62F9CD-9FA0-4FDB-9B68-F3DDE1B462F2}.Release|Any CPU.ActiveCfg = Release|Any CPU
		{4A62F9CD-9FA0-4FDB-9B68-F3DDE1B462F2}.Release|Any CPU.Build.0 = Release|Any CPU
		{9253239F-2604-489E-B044-9546BAB72314}.Debug|Any CPU.ActiveCfg = Debug|Any CPU
		{9253239F-2604-489E-B044-9546BAB72314}.Debug|Any CPU.Build.0 = Debug|Any CPU
		{9253239F-2604-489E-B044-9546BAB72314}.Release|Any CPU.ActiveCfg = Release|Any CPU
		{9253239F-2604-489E-B044-9546BAB72314}.Release|Any CPU.Build.0 = Release|Any CPU
		{78809B97-4476-43ED-A815-683250F84756}.Debug|Any CPU.ActiveCfg = Debug|Any CPU
		{78809B97-4476-43ED-A815-683250F84756}.Debug|Any CPU.Build.0 = Debug|Any CPU
		{78809B97-4476-43ED-A815-683250F84756}.Release|Any CPU.ActiveCfg = Release|Any CPU
		{78809B97-4476-43ED-A815-683250F84756}.Release|Any CPU.Build.0 = Release|Any CPU
		{4ADC677E-9B6C-4350-ACC3-BC562E8FE4C9}.Debug|Any CPU.ActiveCfg = Debug|Any CPU
		{4ADC677E-9B6C-4350-ACC3-BC562E8FE4C9}.Debug|Any CPU.Build.0 = Debug|Any CPU
		{4ADC677E-9B6C-4350-ACC3-BC562E8FE4C9}.Release|Any CPU.ActiveCfg = Release|Any CPU
		{4ADC677E-9B6C-4350-ACC3-BC562E8FE4C9}.Release|Any CPU.Build.0 = Release|Any CPU
		{56959E1B-2542-4302-9905-CE52042E84B3}.Debug|Any CPU.ActiveCfg = Debug|Any CPU
		{56959E1B-2542-4302-9905-CE52042E84B3}.Debug|Any CPU.Build.0 = Debug|Any CPU
		{56959E1B-2542-4302-9905-CE52042E84B3}.Release|Any CPU.ActiveCfg = Release|Any CPU
		{56959E1B-2542-4302-9905-CE52042E84B3}.Release|Any CPU.Build.0 = Release|Any CPU
		{D87B49C5-B854-46DF-B654-697C5D26F99E}.Debug|Any CPU.ActiveCfg = Debug|Any CPU
		{D87B49C5-B854-46DF-B654-697C5D26F99E}.Debug|Any CPU.Build.0 = Debug|Any CPU
		{D87B49C5-B854-46DF-B654-697C5D26F99E}.Release|Any CPU.ActiveCfg = Release|Any CPU
		{D87B49C5-B854-46DF-B654-697C5D26F99E}.Release|Any CPU.Build.0 = Release|Any CPU
		{3D702810-8316-4B4F-AF86-855F284C748D}.Debug|Any CPU.ActiveCfg = Debug|Any CPU
		{3D702810-8316-4B4F-AF86-855F284C748D}.Debug|Any CPU.Build.0 = Debug|Any CPU
		{3D702810-8316-4B4F-AF86-855F284C748D}.Release|Any CPU.ActiveCfg = Release|Any CPU
		{3D702810-8316-4B4F-AF86-855F284C748D}.Release|Any CPU.Build.0 = Release|Any CPU
		{DF87D2B0-CCE9-4784-BE54-2545B299A33E}.Debug|Any CPU.ActiveCfg = Debug|Any CPU
		{DF87D2B0-CCE9-4784-BE54-2545B299A33E}.Debug|Any CPU.Build.0 = Debug|Any CPU
		{DF87D2B0-CCE9-4784-BE54-2545B299A33E}.Release|Any CPU.ActiveCfg = Release|Any CPU
		{DF87D2B0-CCE9-4784-BE54-2545B299A33E}.Release|Any CPU.Build.0 = Release|Any CPU
		{5431F06F-12B8-45BB-ADEE-100300B09E26}.Debug|Any CPU.ActiveCfg = Debug|Any CPU
		{5431F06F-12B8-45BB-ADEE-100300B09E26}.Debug|Any CPU.Build.0 = Debug|Any CPU
		{5431F06F-12B8-45BB-ADEE-100300B09E26}.Release|Any CPU.ActiveCfg = Release|Any CPU
		{5431F06F-12B8-45BB-ADEE-100300B09E26}.Release|Any CPU.Build.0 = Release|Any CPU
		{879A9D4F-D5B8-479C-B2C6-CE3FA53C7E03}.Debug|Any CPU.ActiveCfg = Debug|Any CPU
		{879A9D4F-D5B8-479C-B2C6-CE3FA53C7E03}.Debug|Any CPU.Build.0 = Debug|Any CPU
		{879A9D4F-D5B8-479C-B2C6-CE3FA53C7E03}.Release|Any CPU.ActiveCfg = Release|Any CPU
		{879A9D4F-D5B8-479C-B2C6-CE3FA53C7E03}.Release|Any CPU.Build.0 = Release|Any CPU
		{D0AE092E-581C-461B-8C7A-943A48D796A7}.Debug|Any CPU.ActiveCfg = Debug|Any CPU
		{D0AE092E-581C-461B-8C7A-943A48D796A7}.Debug|Any CPU.Build.0 = Debug|Any CPU
		{D0AE092E-581C-461B-8C7A-943A48D796A7}.Release|Any CPU.ActiveCfg = Release|Any CPU
		{D0AE092E-581C-461B-8C7A-943A48D796A7}.Release|Any CPU.Build.0 = Release|Any CPU
		{E39EB10E-1224-4BDE-B284-71576A811319}.Debug|Any CPU.ActiveCfg = Debug|Any CPU
		{E39EB10E-1224-4BDE-B284-71576A811319}.Debug|Any CPU.Build.0 = Debug|Any CPU
		{E39EB10E-1224-4BDE-B284-71576A811319}.Release|Any CPU.ActiveCfg = Release|Any CPU
		{E39EB10E-1224-4BDE-B284-71576A811319}.Release|Any CPU.Build.0 = Release|Any CPU
		{5C3866B1-A0F2-4A72-80A1-8E3CF5EB1E2E}.Debug|Any CPU.ActiveCfg = Debug|Any CPU
		{5C3866B1-A0F2-4A72-80A1-8E3CF5EB1E2E}.Debug|Any CPU.Build.0 = Debug|Any CPU
		{5C3866B1-A0F2-4A72-80A1-8E3CF5EB1E2E}.Release|Any CPU.ActiveCfg = Release|Any CPU
		{5C3866B1-A0F2-4A72-80A1-8E3CF5EB1E2E}.Release|Any CPU.Build.0 = Release|Any CPU
		{C6312EAD-BD86-419C-945A-C22E7F730847}.Debug|Any CPU.ActiveCfg = Debug|Any CPU
		{C6312EAD-BD86-419C-945A-C22E7F730847}.Debug|Any CPU.Build.0 = Debug|Any CPU
		{C6312EAD-BD86-419C-945A-C22E7F730847}.Release|Any CPU.ActiveCfg = Release|Any CPU
		{C6312EAD-BD86-419C-945A-C22E7F730847}.Release|Any CPU.Build.0 = Release|Any CPU
		{A6532F31-EAB7-4D94-9F83-23F7765EDE11}.Debug|Any CPU.ActiveCfg = Debug|Any CPU
		{A6532F31-EAB7-4D94-9F83-23F7765EDE11}.Debug|Any CPU.Build.0 = Debug|Any CPU
		{A6532F31-EAB7-4D94-9F83-23F7765EDE11}.Release|Any CPU.ActiveCfg = Release|Any CPU
		{A6532F31-EAB7-4D94-9F83-23F7765EDE11}.Release|Any CPU.Build.0 = Release|Any CPU
		{B2611A50-B284-4D4A-A262-91861A7D75CF}.Debug|Any CPU.ActiveCfg = Debug|Any CPU
		{B2611A50-B284-4D4A-A262-91861A7D75CF}.Debug|Any CPU.Build.0 = Debug|Any CPU
		{B2611A50-B284-4D4A-A262-91861A7D75CF}.Release|Any CPU.ActiveCfg = Release|Any CPU
		{B2611A50-B284-4D4A-A262-91861A7D75CF}.Release|Any CPU.Build.0 = Release|Any CPU
		{8B6960F6-7452-477C-B674-21293E9A16A9}.Debug|Any CPU.ActiveCfg = Debug|Any CPU
		{8B6960F6-7452-477C-B674-21293E9A16A9}.Debug|Any CPU.Build.0 = Debug|Any CPU
		{8B6960F6-7452-477C-B674-21293E9A16A9}.Release|Any CPU.ActiveCfg = Release|Any CPU
		{8B6960F6-7452-477C-B674-21293E9A16A9}.Release|Any CPU.Build.0 = Release|Any CPU
		{50C6B10F-AD94-463C-BEF4-E9AFE661BC73}.Debug|Any CPU.ActiveCfg = Debug|Any CPU
		{50C6B10F-AD94-463C-BEF4-E9AFE661BC73}.Debug|Any CPU.Build.0 = Debug|Any CPU
		{50C6B10F-AD94-463C-BEF4-E9AFE661BC73}.Release|Any CPU.ActiveCfg = Release|Any CPU
		{50C6B10F-AD94-463C-BEF4-E9AFE661BC73}.Release|Any CPU.Build.0 = Release|Any CPU
		{3EE2034E-D860-44C8-9B07-E9D7C4AAF913}.Debug|Any CPU.ActiveCfg = Debug|Any CPU
		{3EE2034E-D860-44C8-9B07-E9D7C4AAF913}.Debug|Any CPU.Build.0 = Debug|Any CPU
		{3EE2034E-D860-44C8-9B07-E9D7C4AAF913}.Release|Any CPU.ActiveCfg = Release|Any CPU
		{3EE2034E-D860-44C8-9B07-E9D7C4AAF913}.Release|Any CPU.Build.0 = Release|Any CPU
		{2D427DB0-0291-477B-921A-72C69C753816}.Debug|Any CPU.ActiveCfg = Debug|Any CPU
		{2D427DB0-0291-477B-921A-72C69C753816}.Debug|Any CPU.Build.0 = Debug|Any CPU
		{2D427DB0-0291-477B-921A-72C69C753816}.Release|Any CPU.ActiveCfg = Release|Any CPU
		{2D427DB0-0291-477B-921A-72C69C753816}.Release|Any CPU.Build.0 = Release|Any CPU
		{ADF0D4ED-8BF2-495D-93D6-554A280BC15A}.Debug|Any CPU.ActiveCfg = Debug|Any CPU
		{ADF0D4ED-8BF2-495D-93D6-554A280BC15A}.Debug|Any CPU.Build.0 = Debug|Any CPU
		{ADF0D4ED-8BF2-495D-93D6-554A280BC15A}.Release|Any CPU.ActiveCfg = Release|Any CPU
		{ADF0D4ED-8BF2-495D-93D6-554A280BC15A}.Release|Any CPU.Build.0 = Release|Any CPU
		{C221E45A-1A36-4058-93ED-C83A6272AFF7}.Debug|Any CPU.ActiveCfg = Debug|Any CPU
		{C221E45A-1A36-4058-93ED-C83A6272AFF7}.Debug|Any CPU.Build.0 = Debug|Any CPU
		{C221E45A-1A36-4058-93ED-C83A6272AFF7}.Release|Any CPU.ActiveCfg = Release|Any CPU
		{C221E45A-1A36-4058-93ED-C83A6272AFF7}.Release|Any CPU.Build.0 = Release|Any CPU
		{AD1B3013-717A-4600-B231-172B54F4B44F}.Debug|Any CPU.ActiveCfg = Debug|Any CPU
		{AD1B3013-717A-4600-B231-172B54F4B44F}.Debug|Any CPU.Build.0 = Debug|Any CPU
		{AD1B3013-717A-4600-B231-172B54F4B44F}.Release|Any CPU.ActiveCfg = Release|Any CPU
		{AD1B3013-717A-4600-B231-172B54F4B44F}.Release|Any CPU.Build.0 = Release|Any CPU
		{4894DC82-A36F-4355-AE90-B10121DED737}.Debug|Any CPU.ActiveCfg = Debug|Any CPU
		{4894DC82-A36F-4355-AE90-B10121DED737}.Debug|Any CPU.Build.0 = Debug|Any CPU
		{4894DC82-A36F-4355-AE90-B10121DED737}.Release|Any CPU.ActiveCfg = Release|Any CPU
		{4894DC82-A36F-4355-AE90-B10121DED737}.Release|Any CPU.Build.0 = Release|Any CPU
		{CB28DADA-FE7C-4952-A8C5-055B42BB6BB5}.Debug|Any CPU.ActiveCfg = Debug|Any CPU
		{CB28DADA-FE7C-4952-A8C5-055B42BB6BB5}.Debug|Any CPU.Build.0 = Debug|Any CPU
		{CB28DADA-FE7C-4952-A8C5-055B42BB6BB5}.Release|Any CPU.ActiveCfg = Release|Any CPU
		{CB28DADA-FE7C-4952-A8C5-055B42BB6BB5}.Release|Any CPU.Build.0 = Release|Any CPU
		{648AE6D5-8532-4A10-8718-11CED97D7C1D}.Debug|Any CPU.ActiveCfg = Debug|Any CPU
		{648AE6D5-8532-4A10-8718-11CED97D7C1D}.Debug|Any CPU.Build.0 = Debug|Any CPU
		{648AE6D5-8532-4A10-8718-11CED97D7C1D}.Release|Any CPU.ActiveCfg = Release|Any CPU
		{648AE6D5-8532-4A10-8718-11CED97D7C1D}.Release|Any CPU.Build.0 = Release|Any CPU
		{9D13CBD3-9D43-4EEC-91D8-3D41B569E140}.Debug|Any CPU.ActiveCfg = Debug|Any CPU
		{9D13CBD3-9D43-4EEC-91D8-3D41B569E140}.Debug|Any CPU.Build.0 = Debug|Any CPU
		{9D13CBD3-9D43-4EEC-91D8-3D41B569E140}.Release|Any CPU.ActiveCfg = Release|Any CPU
		{9D13CBD3-9D43-4EEC-91D8-3D41B569E140}.Release|Any CPU.Build.0 = Release|Any CPU
	EndGlobalSection
	GlobalSection(SolutionProperties) = preSolution
		HideSolutionNode = FALSE
	EndGlobalSection
	GlobalSection(NestedProjects) = preSolution
		{A126E861-0FB9-4A55-A934-8DFF6F12A30D} = {E27A664C-90C2-4360-B8B1-66A1CCDDB7A8}
		{28955A19-E107-42D8-992D-92FE381AD79B} = {E27A664C-90C2-4360-B8B1-66A1CCDDB7A8}
		{9BB41D83-207B-4224-9091-2C93D1C903C5} = {8A076D28-34CE-4E84-8C53-469A60E2C51D}
		{E91A2776-BF5F-4598-9DB2-9B0185E98D6B} = {8A076D28-34CE-4E84-8C53-469A60E2C51D}
		{4EB9EC41-C50E-4BFB-BC6D-63B937446BEB} = {8A076D28-34CE-4E84-8C53-469A60E2C51D}
		{4A62F9CD-9FA0-4FDB-9B68-F3DDE1B462F2} = {8A076D28-34CE-4E84-8C53-469A60E2C51D}
		{9253239F-2604-489E-B044-9546BAB72314} = {8A076D28-34CE-4E84-8C53-469A60E2C51D}
		{78809B97-4476-43ED-A815-683250F84756} = {8A076D28-34CE-4E84-8C53-469A60E2C51D}
		{4ADC677E-9B6C-4350-ACC3-BC562E8FE4C9} = {06630F11-9CBF-41A5-97C2-C9F6FD5311C4}
		{56959E1B-2542-4302-9905-CE52042E84B3} = {06630F11-9CBF-41A5-97C2-C9F6FD5311C4}
		{D87B49C5-B854-46DF-B654-697C5D26F99E} = {06630F11-9CBF-41A5-97C2-C9F6FD5311C4}
		{3D702810-8316-4B4F-AF86-855F284C748D} = {06630F11-9CBF-41A5-97C2-C9F6FD5311C4}
		{DF87D2B0-CCE9-4784-BE54-2545B299A33E} = {06630F11-9CBF-41A5-97C2-C9F6FD5311C4}
		{5431F06F-12B8-45BB-ADEE-100300B09E26} = {06630F11-9CBF-41A5-97C2-C9F6FD5311C4}
		{879A9D4F-D5B8-479C-B2C6-CE3FA53C7E03} = {FC2C8A7E-568B-4AA1-9805-27C14602A4FA}
		{D0AE092E-581C-461B-8C7A-943A48D796A7} = {FC2C8A7E-568B-4AA1-9805-27C14602A4FA}
		{E39EB10E-1224-4BDE-B284-71576A811319} = {FC2C8A7E-568B-4AA1-9805-27C14602A4FA}
		{5C3866B1-A0F2-4A72-80A1-8E3CF5EB1E2E} = {FC2C8A7E-568B-4AA1-9805-27C14602A4FA}
		{C6312EAD-BD86-419C-945A-C22E7F730847} = {FC2C8A7E-568B-4AA1-9805-27C14602A4FA}
		{A6532F31-EAB7-4D94-9F83-23F7765EDE11} = {FC2C8A7E-568B-4AA1-9805-27C14602A4FA}
		{B2611A50-B284-4D4A-A262-91861A7D75CF} = {FC2C8A7E-568B-4AA1-9805-27C14602A4FA}
		{8B6960F6-7452-477C-B674-21293E9A16A9} = {08F8F655-3B97-429D-9B03-4E47B247675C}
		{50C6B10F-AD94-463C-BEF4-E9AFE661BC73} = {08F8F655-3B97-429D-9B03-4E47B247675C}
		{3EE2034E-D860-44C8-9B07-E9D7C4AAF913} = {08F8F655-3B97-429D-9B03-4E47B247675C}
		{2D427DB0-0291-477B-921A-72C69C753816} = {08F8F655-3B97-429D-9B03-4E47B247675C}
		{ADF0D4ED-8BF2-495D-93D6-554A280BC15A} = {08F8F655-3B97-429D-9B03-4E47B247675C}
		{C221E45A-1A36-4058-93ED-C83A6272AFF7} = {EA3147CB-5CE6-4E1B-AEC0-C94F67FF1905}
		{AD1B3013-717A-4600-B231-172B54F4B44F} = {EA3147CB-5CE6-4E1B-AEC0-C94F67FF1905}
		{4894DC82-A36F-4355-AE90-B10121DED737} = {EA3147CB-5CE6-4E1B-AEC0-C94F67FF1905}
		{CB28DADA-FE7C-4952-A8C5-055B42BB6BB5} = {EA3147CB-5CE6-4E1B-AEC0-C94F67FF1905}
		{648AE6D5-8532-4A10-8718-11CED97D7C1D} = {EA3147CB-5CE6-4E1B-AEC0-C94F67FF1905}
		{9D13CBD3-9D43-4EEC-91D8-3D41B569E140} = {EA3147CB-5CE6-4E1B-AEC0-C94F67FF1905}
	EndGlobalSection
EndGlobal
